<Solution>
  <Folder Name="/Core/">
    <Project Path="src/Gdn.Domain/Gdn.Domain.csproj" />
  </Folder>
  <Folder Name="/Infrastructure/">
    <Project Path="src/Gdn.Persistence/Gdn.Persistence.csproj" />
  </Folder>
  <Folder Name="/Presentation/">
    <Project Path="src/Gdn.Web.Api.Vs/Gdn.Web.Api.Vs.csproj" />
    <Project Path="src/Gdn.Web.Fluentblazor/Gdn.Web.Fluentblazor.csproj" />
    <Project Path="src/Gdn.Web.MudBlazor/Gdn.Web.MudBlazor.csproj" />
  </Folder>
  <Folder Name="/Solution Items/">
    <File Path=".editorconfig" />
    <File Path=".github/copilot-instructions.md" />
    <File Path="Directory.Build.props" />
  </Folder>
  <Project Path="src/Gdn.AppHost/Gdn.AppHost.csproj" />
  <Project Path="src/Gdn.ServiceDefaults/Gdn.ServiceDefaults.csproj" />
</Solution>
