
Microsoft Visual Studio Solution File, Format Version 12.00
# Visual Studio Version 17
VisualStudioVersion = 17.8.34525.116
MinimumVisualStudioVersion = 10.0.40219.1
Project("{2150E333-8FDC-42A3-9474-1A3956D46DE8}") = "Core", "Core", "{4B6E43B0-68E0-4D3B-A40A-D74E8373106C}"
EndProject
Project("{2150E333-8FDC-42A3-9474-1A3956D46DE8}") = "Presentation", "Presentation", "{E5CE911E-49D2-4590-9F45-8B800740722C}"
EndProject
Project("{9A19103F-16F7-4668-BE54-9A1E7A4F7556}") = "Gdn.Domain", "Gdn.Domain\Gdn.Domain.csproj", "{7D454E9E-EE85-4419-BFA3-44151273C6B7}"
EndProject
Project("{2150E333-8FDC-42A3-9474-1A3956D46DE8}") = "src", "src", "{1151F4A4-3B97-4B31-9CAB-B9EA571EC553}"
EndProject
Project("{2150E333-8FDC-42A3-9474-1A3956D46DE8}") = "Infrastructure", "Infrastructure", "{79530925-09FE-42D3-9B8D-403AEE1978BA}"
EndProject
Project("{9A19103F-16F7-4668-BE54-9A1E7A4F7556}") = "Gdn.Application", "Gdn.Application\Gdn.Application.csproj", "{8463897E-F77F-4D33-BD9A-E6EFC7DF0F5C}"
EndProject
Project("{9A19103F-16F7-4668-BE54-9A1E7A4F7556}") = "Gdn.Persistence", "Gdn.Persistence\Gdn.Persistence.csproj", "{E8B1D26B-F909-4815-B36A-0615FFD9B10A}"
EndProject
Project("{9A19103F-16F7-4668-BE54-9A1E7A4F7556}") = "Gdn.Presentation.Shared", "Gdn.Presentation.Shared\Gdn.Presentation.Shared.csproj", "{686EA417-A961-4E03-BB46-39DB011E4022}"
EndProject
Project("{2150E333-8FDC-42A3-9474-1A3956D46DE8}") = "Backend", "Backend", "{09926AB6-7EB9-47C4-9FD6-8D29175F31F3}"
EndProject
Project("{2150E333-8FDC-42A3-9474-1A3956D46DE8}") = "Frontend", "Frontend", "{ADB80CAD-2484-4BDA-8388-1992EC086A60}"
EndProject
Project("{9A19103F-16F7-4668-BE54-9A1E7A4F7556}") = "Gdn.Web.Api", "Gdn.Web.Api\Gdn.Web.Api.csproj", "{73784AE9-F393-490D-9D54-C0069EFCDEFE}"
EndProject
Project("{9A19103F-16F7-4668-BE54-9A1E7A4F7556}") = "Gdn.Blazor", "Gdn.Blazor\Gdn.Blazor\Gdn.Blazor.csproj", "{714E7A4C-3A47-43B9-B6FF-0C5F05D07271}"
EndProject
Project("{9A19103F-16F7-4668-BE54-9A1E7A4F7556}") = "Gdn.Blazor.Client", "Gdn.Blazor\Gdn.Blazor.Client\Gdn.Blazor.Client.csproj", "{19A0EF4F-9AF6-4643-92AE-F09916D6CD3D}"
EndProject
Global
	GlobalSection(SolutionConfigurationPlatforms) = preSolution
		Debug|Any CPU = Debug|Any CPU
		Release|Any CPU = Release|Any CPU
	EndGlobalSection
	GlobalSection(ProjectConfigurationPlatforms) = postSolution
		{7D454E9E-EE85-4419-BFA3-44151273C6B7}.Debug|Any CPU.ActiveCfg = Debug|Any CPU
		{7D454E9E-EE85-4419-BFA3-44151273C6B7}.Debug|Any CPU.Build.0 = Debug|Any CPU
		{7D454E9E-EE85-4419-BFA3-44151273C6B7}.Release|Any CPU.ActiveCfg = Release|Any CPU
		{7D454E9E-EE85-4419-BFA3-44151273C6B7}.Release|Any CPU.Build.0 = Release|Any CPU
		{8463897E-F77F-4D33-BD9A-E6EFC7DF0F5C}.Debug|Any CPU.ActiveCfg = Debug|Any CPU
		{8463897E-F77F-4D33-BD9A-E6EFC7DF0F5C}.Debug|Any CPU.Build.0 = Debug|Any CPU
		{8463897E-F77F-4D33-BD9A-E6EFC7DF0F5C}.Release|Any CPU.ActiveCfg = Release|Any CPU
		{8463897E-F77F-4D33-BD9A-E6EFC7DF0F5C}.Release|Any CPU.Build.0 = Release|Any CPU
		{E8B1D26B-F909-4815-B36A-0615FFD9B10A}.Debug|Any CPU.ActiveCfg = Debug|Any CPU
		{E8B1D26B-F909-4815-B36A-0615FFD9B10A}.Debug|Any CPU.Build.0 = Debug|Any CPU
		{E8B1D26B-F909-4815-B36A-0615FFD9B10A}.Release|Any CPU.ActiveCfg = Release|Any CPU
		{E8B1D26B-F909-4815-B36A-0615FFD9B10A}.Release|Any CPU.Build.0 = Release|Any CPU
		{686EA417-A961-4E03-BB46-39DB011E4022}.Debug|Any CPU.ActiveCfg = Debug|Any CPU
		{686EA417-A961-4E03-BB46-39DB011E4022}.Debug|Any CPU.Build.0 = Debug|Any CPU
		{686EA417-A961-4E03-BB46-39DB011E4022}.Release|Any CPU.ActiveCfg = Release|Any CPU
		{686EA417-A961-4E03-BB46-39DB011E4022}.Release|Any CPU.Build.0 = Release|Any CPU
		{73784AE9-F393-490D-9D54-C0069EFCDEFE}.Debug|Any CPU.ActiveCfg = Debug|Any CPU
		{73784AE9-F393-490D-9D54-C0069EFCDEFE}.Debug|Any CPU.Build.0 = Debug|Any CPU
		{73784AE9-F393-490D-9D54-C0069EFCDEFE}.Release|Any CPU.ActiveCfg = Release|Any CPU
		{73784AE9-F393-490D-9D54-C0069EFCDEFE}.Release|Any CPU.Build.0 = Release|Any CPU
		{714E7A4C-3A47-43B9-B6FF-0C5F05D07271}.Debug|Any CPU.ActiveCfg = Debug|Any CPU
		{714E7A4C-3A47-43B9-B6FF-0C5F05D07271}.Debug|Any CPU.Build.0 = Debug|Any CPU
		{714E7A4C-3A47-43B9-B6FF-0C5F05D07271}.Release|Any CPU.ActiveCfg = Release|Any CPU
		{714E7A4C-3A47-43B9-B6FF-0C5F05D07271}.Release|Any CPU.Build.0 = Release|Any CPU
		{19A0EF4F-9AF6-4643-92AE-F09916D6CD3D}.Debug|Any CPU.ActiveCfg = Debug|Any CPU
		{19A0EF4F-9AF6-4643-92AE-F09916D6CD3D}.Debug|Any CPU.Build.0 = Debug|Any CPU
		{19A0EF4F-9AF6-4643-92AE-F09916D6CD3D}.Release|Any CPU.ActiveCfg = Release|Any CPU
		{19A0EF4F-9AF6-4643-92AE-F09916D6CD3D}.Release|Any CPU.Build.0 = Release|Any CPU
	EndGlobalSection
	GlobalSection(SolutionProperties) = preSolution
		HideSolutionNode = FALSE
	EndGlobalSection
	GlobalSection(NestedProjects) = preSolution
		{4B6E43B0-68E0-4D3B-A40A-D74E8373106C} = {1151F4A4-3B97-4B31-9CAB-B9EA571EC553}
		{E5CE911E-49D2-4590-9F45-8B800740722C} = {1151F4A4-3B97-4B31-9CAB-B9EA571EC553}
		{7D454E9E-EE85-4419-BFA3-44151273C6B7} = {4B6E43B0-68E0-4D3B-A40A-D74E8373106C}
		{79530925-09FE-42D3-9B8D-403AEE1978BA} = {1151F4A4-3B97-4B31-9CAB-B9EA571EC553}
		{8463897E-F77F-4D33-BD9A-E6EFC7DF0F5C} = {4B6E43B0-68E0-4D3B-A40A-D74E8373106C}
		{E8B1D26B-F909-4815-B36A-0615FFD9B10A} = {79530925-09FE-42D3-9B8D-403AEE1978BA}
		{686EA417-A961-4E03-BB46-39DB011E4022} = {E5CE911E-49D2-4590-9F45-8B800740722C}
		{09926AB6-7EB9-47C4-9FD6-8D29175F31F3} = {E5CE911E-49D2-4590-9F45-8B800740722C}
		{ADB80CAD-2484-4BDA-8388-1992EC086A60} = {E5CE911E-49D2-4590-9F45-8B800740722C}
		{73784AE9-F393-490D-9D54-C0069EFCDEFE} = {09926AB6-7EB9-47C4-9FD6-8D29175F31F3}
		{714E7A4C-3A47-43B9-B6FF-0C5F05D07271} = {ADB80CAD-2484-4BDA-8388-1992EC086A60}
		{19A0EF4F-9AF6-4643-92AE-F09916D6CD3D} = {ADB80CAD-2484-4BDA-8388-1992EC086A60}
	EndGlobalSection
	GlobalSection(ExtensibilityGlobals) = postSolution
		SolutionGuid = {86607509-7FCE-45AB-BAB8-6B8BDCAF6B0B}
	EndGlobalSection
EndGlobal
