<Solution>
  <Folder Name="/Core/">
    <Project Path="Gdn.Domain/Gdn.Domain.csproj" />
  </Folder>
  <Folder Name="/Infrastructure/">
    <Project Path="Gdn.Persistence/Gdn.Persistence.csproj" />
  </Folder>
  <Folder Name="/Presentation/">
    <Project Path="Gdn.Web.Api.Vs/Gdn.Web.Api.Vs.csproj" />
  </Folder>
  <Folder Name="/Presentation/Frontend/">
    <Project Path="Gdn.Web.Fluentblazor/Gdn.Web.Fluentblazor.csproj" />
  </Folder>
  <Project Path="Gdn.AppHost/Gdn.AppHost.csproj" />
  <Project Path="Gdn.ServiceDefaults/Gdn.ServiceDefaults.csproj" />
</Solution>
